// !$*UTF8*$!
{
	archiveVersion = 1;
	classes = {
	};
	objectVersion = 46;
	objects = {

/* Begin PBXBuildFile section */
		4F9DED671796059C00DD3DF8 /* UIKit.framework in Frameworks */ = {isa = PBXBuildFile; fileRef = 4F9DED661796059C00DD3DF8 /* UIKit.framework */; };
		4F9DED691796059C00DD3DF8 /* Foundation.framework in Frameworks */ = {isa = PBXBuildFile; fileRef = 4F9DED681796059C00DD3DF8 /* Foundation.framework */; };
		4F9DED6B1796059C00DD3DF8 /* CoreGraphics.framework in Frameworks */ = {isa = PBXBuildFile; fileRef = 4F9DED6A1796059C00DD3DF8 /* CoreGraphics.framework */; };
		4F9DED711796059C00DD3DF8 /* InfoPlist.strings in Resources */ = {isa = PBXBuildFile; fileRef = 4F9DED6F1796059C00DD3DF8 /* InfoPlist.strings */; };
		4F9DED731796059C00DD3DF8 /* main.m in Sources */ = {isa = PBXBuildFile; fileRef = 4F9DED721796059C00DD3DF8 /* main.m */; };
		4F9DED771796059C00DD3DF8 /* AppDelegate.m in Sources */ = {isa = PBXBuildFile; fileRef = 4F9DED761796059C00DD3DF8 /* AppDelegate.m */; };
		4F9DED791796059C00DD3DF8 /* Default.png in Resources */ = {isa = PBXBuildFile; fileRef = 4F9DED781796059C00DD3DF8 /* Default.png */; };
		4F9DED7B1796059C00DD3DF8 /* Default@2x.png in Resources */ = {isa = PBXBuildFile; fileRef = 4F9DED7A1796059C00DD3DF8 /* Default@2x.png */; };
		4F9DED7D1796059C00DD3DF8 /* Default-568h@2x.png in Resources */ = {isa = PBXBuildFile; fileRef = 4F9DED7C1796059C00DD3DF8 /* Default-568h@2x.png */; };
		4F9DED801796059C00DD3DF8 /* ViewController.m in Sources */ = {isa = PBXBuildFile; fileRef = 4F9DED7F1796059C00DD3DF8 /* ViewController.m */; };
		4F9DED831796059C00DD3DF8 /* ViewController.xib in Resources */ = {isa = PBXBuildFile; fileRef = 4F9DED811796059C00DD3DF8 /* ViewController.xib */; };
		4F9DED8C1796138F00DD3DF8 /* SecondViewController.m in Sources */ = {isa = PBXBuildFile; fileRef = 4F9DED8A1796138F00DD3DF8 /* SecondViewController.m */; };
		4F9DED8D1796138F00DD3DF8 /* SecondViewController.xib in Resources */ = {isa = PBXBuildFile; fileRef = 4F9DED8B1796138F00DD3DF8 /* SecondViewController.xib */; };
/* End PBXBuildFile section */

/* Begin PBXFileReference section */
		4F9DED631796059C00DD3DF8 /* ToDoList.app */ = {isa = PBXFileReference; explicitFileType = wrapper.application; includeInIndex = 0; path = ToDoList.app; sourceTree = BUILT_PRODUCTS_DIR; };
		4F9DED661796059C00DD3DF8 /* UIKit.framework */ = {isa = PBXFileReference; lastKnownFileType = wrapper.framework; name = UIKit.framework; path = System/Library/Frameworks/UIKit.framework; sourceTree = SDKROOT; };
		4F9DED681796059C00DD3DF8 /* Foundation.framework */ = {isa = PBXFileReference; lastKnownFileType = wrapper.framework; name = Foundation.framework; path = System/Library/Frameworks/Foundation.framework; sourceTree = SDKROOT; };
		4F9DED6A1796059C00DD3DF8 /* CoreGraphics.framework */ = {isa = PBXFileReference; lastKnownFileType = wrapper.framework; name = CoreGraphics.framework; path = System/Library/Frameworks/CoreGraphics.framework; sourceTree = SDKROOT; };
		4F9DED6E1796059C00DD3DF8 /* ToDoList-Info.plist */ = {isa = PBXFileReference; lastKnownFileType = text.plist.xml; path = "ToDoList-Info.plist"; sourceTree = "<group>"; };
		4F9DED701796059C00DD3DF8 /* en */ = {isa = PBXFileReference; lastKnownFileType = text.plist.strings; name = en; path = en.lproj/InfoPlist.strings; sourceTree = "<group>"; };
		4F9DED721796059C00DD3DF8 /* main.m */ = {isa = PBXFileReference; lastKnownFileType = sourcecode.c.objc; path = main.m; sourceTree = "<group>"; };
		4F9DED741796059C00DD3DF8 /* ToDoList-Prefix.pch */ = {isa = PBXFileReference; lastKnownFileType = sourcecode.c.h; path = "ToDoList-Prefix.pch"; sourceTree = "<group>"; };
		4F9DED751796059C00DD3DF8 /* AppDelegate.h */ = {isa = PBXFileReference; lastKnownFileType = sourcecode.c.h; path = AppDelegate.h; sourceTree = "<group>"; };
		4F9DED761796059C00DD3DF8 /* AppDelegate.m */ = {isa = PBXFileReference; lastKnownFileType = sourcecode.c.objc; path = AppDelegate.m; sourceTree = "<group>"; };
		4F9DED781796059C00DD3DF8 /* Default.png */ = {isa = PBXFileReference; lastKnownFileType = image.png; path = Default.png; sourceTree = "<group>"; };
		4F9DED7A1796059C00DD3DF8 /* Default@2x.png */ = {isa = PBXFileReference; lastKnownFileType = image.png; path = "Default@2x.png"; sourceTree = "<group>"; };
		4F9DED7C1796059C00DD3DF8 /* Default-568h@2x.png */ = {isa = PBXFileReference; lastKnownFileType = image.png; path = "Default-568h@2x.png"; sourceTree = "<group>"; };
		4F9DED7E1796059C00DD3DF8 /* ViewController.h */ = {isa = PBXFileReference; lastKnownFileType = sourcecode.c.h; path = ViewController.h; sourceTree = "<group>"; };
		4F9DED7F1796059C00DD3DF8 /* ViewController.m */ = {isa = PBXFileReference; lastKnownFileType = sourcecode.c.objc; path = ViewController.m; sourceTree = "<group>"; };
		4F9DED821796059C00DD3DF8 /* en */ = {isa = PBXFileReference; lastKnownFileType = file.xib; name = en; path = en.lproj/ViewController.xib; sourceTree = "<group>"; };
		4F9DED891796138F00DD3DF8 /* SecondViewController.h */ = {isa = PBXFileReference; fileEncoding = 4; lastKnownFileType = sourcecode.c.h; path = SecondViewController.h; sourceTree = "<group>"; };
		4F9DED8A1796138F00DD3DF8 /* SecondViewController.m */ = {isa = PBXFileReference; fileEncoding = 4; lastKnownFileType = sourcecode.c.objc; path = SecondViewController.m; sourceTree = "<group>"; };
		4F9DED8B1796138F00DD3DF8 /* SecondViewController.xib */ = {isa = PBXFileReference; fileEncoding = 4; lastKnownFileType = file.xib; path = SecondViewController.xib; sourceTree = "<group>"; };
		4F9DED8E1796390700DD3DF8 /* EditDelegate.h */ = {isa = PBXFileReference; lastKnownFileType = sourcecode.c.h; path = EditDelegate.h; sourceTree = "<group>"; };
/* End PBXFileReference section */

/* Begin PBXFrameworksBuildPhase section */
		4F9DED601796059C00DD3DF8 /* Frameworks */ = {
			isa = PBXFrameworksBuildPhase;
			buildActionMask = 2147483647;
			files = (
				4F9DED671796059C00DD3DF8 /* UIKit.framework in Frameworks */,
				4F9DED691796059C00DD3DF8 /* Foundation.framework in Frameworks */,
				4F9DED6B1796059C00DD3DF8 /* CoreGraphics.framework in Frameworks */,
			);
			runOnlyForDeploymentPostprocessing = 0;
		};
/* End PBXFrameworksBuildPhase section */

/* Begin PBXGroup section */
		4F9DED5A1796059C00DD3DF8 = {
			isa = PBXGroup;
			children = (
				4F9DED6C1796059C00DD3DF8 /* ToDoList */,
				4F9DED651796059C00DD3DF8 /* Frameworks */,
				4F9DED641796059C00DD3DF8 /* Products */,
			);
			sourceTree = "<group>";
		};
		4F9DED641796059C00DD3DF8 /* Products */ = {
			isa = PBXGroup;
			children = (
				4F9DED631796059C00DD3DF8 /* ToDoList.app */,
			);
			name = Products;
			sourceTree = "<group>";
		};
		4F9DED651796059C00DD3DF8 /* Frameworks */ = {
			isa = PBXGroup;
			children = (
				4F9DED661796059C00DD3DF8 /* UIKit.framework */,
				4F9DED681796059C00DD3DF8 /* Foundation.framework */,
				4F9DED6A1796059C00DD3DF8 /* CoreGraphics.framework */,
			);
			name = Frameworks;
			sourceTree = "<group>";
		};
		4F9DED6C1796059C00DD3DF8 /* ToDoList */ = {
			isa = PBXGroup;
			children = (
				4F9DED751796059C00DD3DF8 /* AppDelegate.h */,
				4F9DED761796059C00DD3DF8 /* AppDelegate.m */,
				4F9DED7E1796059C00DD3DF8 /* ViewController.h */,
				4F9DED7F1796059C00DD3DF8 /* ViewController.m */,
				4F9DED8E1796390700DD3DF8 /* EditDelegate.h */,
				4F9DED811796059C00DD3DF8 /* ViewController.xib */,
				4F9DED891796138F00DD3DF8 /* SecondViewController.h */,
				4F9DED8A1796138F00DD3DF8 /* SecondViewController.m */,
				4F9DED8B1796138F00DD3DF8 /* SecondViewController.xib */,
				4F9DED6D1796059C00DD3DF8 /* Supporting Files */,
			);
			path = ToDoList;
			sourceTree = "<group>";
		};
		4F9DED6D1796059C00DD3DF8 /* Supporting Files */ = {
			isa = PBXGroup;
			children = (
				4F9DED6E1796059C00DD3DF8 /* ToDoList-Info.plist */,
				4F9DED6F1796059C00DD3DF8 /* InfoPlist.strings */,
				4F9DED721796059C00DD3DF8 /* main.m */,
				4F9DED741796059C00DD3DF8 /* ToDoList-Prefix.pch */,
				4F9DED781796059C00DD3DF8 /* Default.png */,
				4F9DED7A1796059C00DD3DF8 /* Default@2x.png */,
				4F9DED7C1796059C00DD3DF8 /* Default-568h@2x.png */,
			);
			name = "Supporting Files";
			sourceTree = "<group>";
		};
/* End PBXGroup section */

/* Begin PBXNativeTarget section */
		4F9DED621796059C00DD3DF8 /* ToDoList */ = {
			isa = PBXNativeTarget;
			buildConfigurationList = 4F9DED861796059C00DD3DF8 /* Build configuration list for PBXNativeTarget "ToDoList" */;
			buildPhases = (
				4F9DED5F1796059C00DD3DF8 /* Sources */,
				4F9DED601796059C00DD3DF8 /* Frameworks */,
				4F9DED611796059C00DD3DF8 /* Resources */,
			);
			buildRules = (
			);
			dependencies = (
			);
			name = ToDoList;
			productName = ToDoList;
			productReference = 4F9DED631796059C00DD3DF8 /* ToDoList.app */;
			productType = "com.apple.product-type.application";
		};
/* End PBXNativeTarget section */

/* Begin PBXProject section */
		4F9DED5B1796059C00DD3DF8 /* Project object */ = {
			isa = PBXProject;
			attributes = {
				LastUpgradeCheck = 0460;
				ORGANIZATIONNAME = "Jessica Sturme";
			};
			buildConfigurationList = 4F9DED5E1796059C00DD3DF8 /* Build configuration list for PBXProject "ToDoList" */;
			compatibilityVersion = "Xcode 3.2";
			developmentRegion = English;
			hasScannedForEncodings = 0;
			knownRegions = (
				en,
			);
			mainGroup = 4F9DED5A1796059C00DD3DF8;
			productRefGroup = 4F9DED641796059C00DD3DF8 /* Products */;
			projectDirPath = "";
			projectRoot = "";
			targets = (
				4F9DED621796059C00DD3DF8 /* ToDoList */,
			);
		};
/* End PBXProject section */

/* Begin PBXResourcesBuildPhase section */
		4F9DED611796059C00DD3DF8 /* Resources */ = {
			isa = PBXResourcesBuildPhase;
			buildActionMask = 2147483647;
			files = (
				4F9DED711796059C00DD3DF8 /* InfoPlist.strings in Resources */,
				4F9DED791796059C00DD3DF8 /* Default.png in Resources */,
				4F9DED7B1796059C00DD3DF8 /* Default@2x.png in Resources */,
				4F9DED7D1796059C00DD3DF8 /* Default-568h@2x.png in Resources */,
				4F9DED831796059C00DD3DF8 /* ViewController.xib in Resources */,
				4F9DED8D1796138F00DD3DF8 /* SecondViewController.xib in Resources */,
			);
			runOnlyForDeploymentPostprocessing = 0;
		};
/* End PBXResourcesBuildPhase section */

/* Begin PBXSourcesBuildPhase section */
		4F9DED5F1796059C00DD3DF8 /* Sources */ = {
			isa = PBXSourcesBuildPhase;
			buildActionMask = 2147483647;
			files = (
				4F9DED731796059C00DD3DF8 /* main.m in Sources */,
				4F9DED771796059C00DD3DF8 /* AppDelegate.m in Sources */,
				4F9DED801796059C00DD3DF8 /* ViewController.m in Sources */,
				4F9DED8C1796138F00DD3DF8 /* SecondViewController.m in Sources */,
			);
			runOnlyForDeploymentPostprocessing = 0;
		};
/* End PBXSourcesBuildPhase section */

/* Begin PBXVariantGroup section */
		4F9DED6F1796059C00DD3DF8 /* InfoPlist.strings */ = {
			isa = PBXVariantGroup;
			children = (
				4F9DED701796059C00DD3DF8 /* en */,
			);
			name = InfoPlist.strings;
			sourceTree = "<group>";
		};
		4F9DED811796059C00DD3DF8 /* ViewController.xib */ = {
			isa = PBXVariantGroup;
			children = (
				4F9DED821796059C00DD3DF8 /* en */,
			);
			name = ViewController.xib;
			sourceTree = "<group>";
		};
/* End PBXVariantGroup section */

/* Begin XCBuildConfiguration section */
		4F9DED841796059C00DD3DF8 /* Debug */ = {
			isa = XCBuildConfiguration;
			buildSettings = {
				ALWAYS_SEARCH_USER_PATHS = NO;
				CLANG_CXX_LANGUAGE_STANDARD = "gnu++0x";
				CLANG_CXX_LIBRARY = "libc++";
				CLANG_ENABLE_OBJC_ARC = YES;
				CLANG_WARN_CONSTANT_CONVERSION = YES;
				CLANG_WARN_EMPTY_BODY = YES;
				CLANG_WARN_ENUM_CONVERSION = YES;
				CLANG_WARN_INT_CONVERSION = YES;
				CLANG_WARN__DUPLICATE_METHOD_MATCH = YES;
				"CODE_SIGN_IDENTITY[sdk=iphoneos*]" = "iPhone Developer";
				COPY_PHASE_STRIP = NO;
				GCC_C_LANGUAGE_STANDARD = gnu99;
				GCC_DYNAMIC_NO_PIC = NO;
				GCC_OPTIMIZATION_LEVEL = 0;
				GCC_PREPROCESSOR_DEFINITIONS = (
					"DEBUG=1",
					"$(inherited)",
				);
				GCC_SYMBOLS_PRIVATE_EXTERN = NO;
				GCC_WARN_ABOUT_RETURN_TYPE = YES;
				GCC_WARN_UNINITIALIZED_AUTOS = YES;
				GCC_WARN_UNUSED_VARIABLE = YES;
				IPHONEOS_DEPLOYMENT_TARGET = 6.1;
				ONLY_ACTIVE_ARCH = YES;
				SDKROOT = iphoneos;
			};
			name = Debug;
		};
		4F9DED851796059C00DD3DF8 /* Release */ = {
			isa = XCBuildConfiguration;
			buildSettings = {
				ALWAYS_SEARCH_USER_PATHS = NO;
				CLANG_CXX_LANGUAGE_STANDARD = "gnu++0x";
				CLANG_CXX_LIBRARY = "libc++";
				CLANG_ENABLE_OBJC_ARC = YES;
				CLANG_WARN_CONSTANT_CONVERSION = YES;
				CLANG_WARN_EMPTY_BODY = YES;
				CLANG_WARN_ENUM_CONVERSION = YES;
				CLANG_WARN_INT_CONVERSION = YES;
				CLANG_WARN__DUPLICATE_METHOD_MATCH = YES;
				"CODE_SIGN_IDENTITY[sdk=iphoneos*]" = "iPhone Developer";
				COPY_PHASE_STRIP = YES;
				GCC_C_LANGUAGE_STANDARD = gnu99;
				GCC_WARN_ABOUT_RETURN_TYPE = YES;
				GCC_WARN_UNINITIALIZED_AUTOS = YES;
				GCC_WARN_UNUSED_VARIABLE = YES;
				IPHONEOS_DEPLOYMENT_TARGET = 6.1;
				OTHER_CFLAGS = "-DNS_BLOCK_ASSERTIONS=1";
				SDKROOT = iphoneos;
				VALIDATE_PRODUCT = YES;
			};
			name = Release;
		};
		4F9DED871796059C00DD3DF8 /* Debug */ = {
			isa = XCBuildConfiguration;
			buildSettings = {
				GCC_PRECOMPILE_PREFIX_HEADER = YES;
				GCC_PREFIX_HEADER = "ToDoList/ToDoList-Prefix.pch";
				INFOPLIST_FILE = "ToDoList/ToDoList-Info.plist";
				PRODUCT_NAME = "$(TARGET_NAME)";
				WRAPPER_EXTENSION = app;
			};
			name = Debug;
		};
		4F9DED881796059C00DD3DF8 /* Release */ = {
			isa = XCBuildConfiguration;
			buildSettings = {
				GCC_PRECOMPILE_PREFIX_HEADER = YES;
				GCC_PREFIX_HEADER = "ToDoList/ToDoList-Prefix.pch";
				INFOPLIST_FILE = "ToDoList/ToDoList-Info.plist";
				PRODUCT_NAME = "$(TARGET_NAME)";
				WRAPPER_EXTENSION = app;
			};
			name = Release;
		};
/* End XCBuildConfiguration section */

/* Begin XCConfigurationList section */
		4F9DED5E1796059C00DD3DF8 /* Build configuration list for PBXProject "ToDoList" */ = {
			isa = XCConfigurationList;
			buildConfigurations = (
				4F9DED841796059C00DD3DF8 /* Debug */,
				4F9DED851796059C00DD3DF8 /* Release */,
			);
			defaultConfigurationIsVisible = 0;
			defaultConfigurationName = Release;
		};
		4F9DED861796059C00DD3DF8 /* Build configuration list for PBXNativeTarget "ToDoList" */ = {
			isa = XCConfigurationList;
			buildConfigurations = (
				4F9DED871796059C00DD3DF8 /* Debug */,
				4F9DED881796059C00DD3DF8 /* Release */,
			);
			defaultConfigurationIsVisible = 0;
		};
/* End XCConfigurationList section */
	};
	rootObject = 4F9DED5B1796059C00DD3DF8 /* Project object */;
}
