// !$*UTF8*$!
{
	archiveVersion = 1;
	classes = {
	};
	objectVersion = 46;
	objects = {

/* Begin PBXBuildFile section */
		4F2C982B179448CB002FBF4F /* UIKit.framework in Frameworks */ = {isa = PBXBuildFile; fileRef = 4F2C982A179448CB002FBF4F /* UIKit.framework */; };
		4F2C982D179448CB002FBF4F /* Foundation.framework in Frameworks */ = {isa = PBXBuildFile; fileRef = 4F2C982C179448CB002FBF4F /* Foundation.framework */; };
		4F2C982F179448CB002FBF4F /* CoreGraphics.framework in Frameworks */ = {isa = PBXBuildFile; fileRef = 4F2C982E179448CB002FBF4F /* CoreGraphics.framework */; };
		4F2C9835179448CB002FBF4F /* InfoPlist.strings in Resources */ = {isa = PBXBuildFile; fileRef = 4F2C9833179448CB002FBF4F /* InfoPlist.strings */; };
		4F2C9837179448CC002FBF4F /* main.m in Sources */ = {isa = PBXBuildFile; fileRef = 4F2C9836179448CB002FBF4F /* main.m */; };
		4F2C983B179448CC002FBF4F /* AppDelegate.m in Sources */ = {isa = PBXBuildFile; fileRef = 4F2C983A179448CC002FBF4F /* AppDelegate.m */; };
		4F2C983D179448CC002FBF4F /* Default.png in Resources */ = {isa = PBXBuildFile; fileRef = 4F2C983C179448CC002FBF4F /* Default.png */; };
		4F2C983F179448CC002FBF4F /* Default@2x.png in Resources */ = {isa = PBXBuildFile; fileRef = 4F2C983E179448CC002FBF4F /* Default@2x.png */; };
		4F2C9841179448CC002FBF4F /* Default-568h@2x.png in Resources */ = {isa = PBXBuildFile; fileRef = 4F2C9840179448CC002FBF4F /* Default-568h@2x.png */; };
		4F2C9844179448CC002FBF4F /* ViewController.m in Sources */ = {isa = PBXBuildFile; fileRef = 4F2C9843179448CC002FBF4F /* ViewController.m */; };
		4F2C9847179448CC002FBF4F /* ViewController.xib in Resources */ = {isa = PBXBuildFile; fileRef = 4F2C9845179448CC002FBF4F /* ViewController.xib */; };
		4F2C985317944939002FBF4F /* SecondViewController.m in Sources */ = {isa = PBXBuildFile; fileRef = 4F2C985117944939002FBF4F /* SecondViewController.m */; };
		4F2C985417944939002FBF4F /* SecondViewController.xib in Resources */ = {isa = PBXBuildFile; fileRef = 4F2C985217944939002FBF4F /* SecondViewController.xib */; };
/* End PBXBuildFile section */

/* Begin PBXFileReference section */
		4F2C9827179448CB002FBF4F /* DelegateFun.app */ = {isa = PBXFileReference; explicitFileType = wrapper.application; includeInIndex = 0; path = DelegateFun.app; sourceTree = BUILT_PRODUCTS_DIR; };
		4F2C982A179448CB002FBF4F /* UIKit.framework */ = {isa = PBXFileReference; lastKnownFileType = wrapper.framework; name = UIKit.framework; path = System/Library/Frameworks/UIKit.framework; sourceTree = SDKROOT; };
		4F2C982C179448CB002FBF4F /* Foundation.framework */ = {isa = PBXFileReference; lastKnownFileType = wrapper.framework; name = Foundation.framework; path = System/Library/Frameworks/Foundation.framework; sourceTree = SDKROOT; };
		4F2C982E179448CB002FBF4F /* CoreGraphics.framework */ = {isa = PBXFileReference; lastKnownFileType = wrapper.framework; name = CoreGraphics.framework; path = System/Library/Frameworks/CoreGraphics.framework; sourceTree = SDKROOT; };
		4F2C9832179448CB002FBF4F /* DelegateFun-Info.plist */ = {isa = PBXFileReference; lastKnownFileType = text.plist.xml; path = "DelegateFun-Info.plist"; sourceTree = "<group>"; };
		4F2C9834179448CB002FBF4F /* en */ = {isa = PBXFileReference; lastKnownFileType = text.plist.strings; name = en; path = en.lproj/InfoPlist.strings; sourceTree = "<group>"; };
		4F2C9836179448CB002FBF4F /* main.m */ = {isa = PBXFileReference; lastKnownFileType = sourcecode.c.objc; path = main.m; sourceTree = "<group>"; };
		4F2C9838179448CC002FBF4F /* DelegateFun-Prefix.pch */ = {isa = PBXFileReference; lastKnownFileType = sourcecode.c.h; path = "DelegateFun-Prefix.pch"; sourceTree = "<group>"; };
		4F2C9839179448CC002FBF4F /* AppDelegate.h */ = {isa = PBXFileReference; lastKnownFileType = sourcecode.c.h; path = AppDelegate.h; sourceTree = "<group>"; };
		4F2C983A179448CC002FBF4F /* AppDelegate.m */ = {isa = PBXFileReference; lastKnownFileType = sourcecode.c.objc; path = AppDelegate.m; sourceTree = "<group>"; };
		4F2C983C179448CC002FBF4F /* Default.png */ = {isa = PBXFileReference; lastKnownFileType = image.png; path = Default.png; sourceTree = "<group>"; };
		4F2C983E179448CC002FBF4F /* Default@2x.png */ = {isa = PBXFileReference; lastKnownFileType = image.png; path = "Default@2x.png"; sourceTree = "<group>"; };
		4F2C9840179448CC002FBF4F /* Default-568h@2x.png */ = {isa = PBXFileReference; lastKnownFileType = image.png; path = "Default-568h@2x.png"; sourceTree = "<group>"; };
		4F2C9842179448CC002FBF4F /* ViewController.h */ = {isa = PBXFileReference; lastKnownFileType = sourcecode.c.h; path = ViewController.h; sourceTree = "<group>"; };
		4F2C9843179448CC002FBF4F /* ViewController.m */ = {isa = PBXFileReference; lastKnownFileType = sourcecode.c.objc; path = ViewController.m; sourceTree = "<group>"; };
		4F2C9846179448CC002FBF4F /* en */ = {isa = PBXFileReference; lastKnownFileType = file.xib; name = en; path = en.lproj/ViewController.xib; sourceTree = "<group>"; };
		4F2C985017944939002FBF4F /* SecondViewController.h */ = {isa = PBXFileReference; fileEncoding = 4; lastKnownFileType = sourcecode.c.h; name = SecondViewController.h; path = ../SecondViewController.h; sourceTree = "<group>"; };
		4F2C985117944939002FBF4F /* SecondViewController.m */ = {isa = PBXFileReference; fileEncoding = 4; lastKnownFileType = sourcecode.c.objc; name = SecondViewController.m; path = ../SecondViewController.m; sourceTree = "<group>"; };
		4F2C985217944939002FBF4F /* SecondViewController.xib */ = {isa = PBXFileReference; fileEncoding = 4; lastKnownFileType = file.xib; name = SecondViewController.xib; path = ../SecondViewController.xib; sourceTree = "<group>"; };
		4F2C985517944E49002FBF4F /* ColorDelegate.h */ = {isa = PBXFileReference; lastKnownFileType = sourcecode.c.h; path = ColorDelegate.h; sourceTree = "<group>"; };
/* End PBXFileReference section */

/* Begin PBXFrameworksBuildPhase section */
		4F2C9824179448CB002FBF4F /* Frameworks */ = {
			isa = PBXFrameworksBuildPhase;
			buildActionMask = 2147483647;
			files = (
				4F2C982B179448CB002FBF4F /* UIKit.framework in Frameworks */,
				4F2C982D179448CB002FBF4F /* Foundation.framework in Frameworks */,
				4F2C982F179448CB002FBF4F /* CoreGraphics.framework in Frameworks */,
			);
			runOnlyForDeploymentPostprocessing = 0;
		};
/* End PBXFrameworksBuildPhase section */

/* Begin PBXGroup section */
		4F2C981E179448CB002FBF4F = {
			isa = PBXGroup;
			children = (
				4F2C9830179448CB002FBF4F /* DelegateFun */,
				4F2C9829179448CB002FBF4F /* Frameworks */,
				4F2C9828179448CB002FBF4F /* Products */,
			);
			sourceTree = "<group>";
		};
		4F2C9828179448CB002FBF4F /* Products */ = {
			isa = PBXGroup;
			children = (
				4F2C9827179448CB002FBF4F /* DelegateFun.app */,
			);
			name = Products;
			sourceTree = "<group>";
		};
		4F2C9829179448CB002FBF4F /* Frameworks */ = {
			isa = PBXGroup;
			children = (
				4F2C982A179448CB002FBF4F /* UIKit.framework */,
				4F2C982C179448CB002FBF4F /* Foundation.framework */,
				4F2C982E179448CB002FBF4F /* CoreGraphics.framework */,
			);
			name = Frameworks;
			sourceTree = "<group>";
		};
		4F2C9830179448CB002FBF4F /* DelegateFun */ = {
			isa = PBXGroup;
			children = (
				4F2C9839179448CC002FBF4F /* AppDelegate.h */,
				4F2C983A179448CC002FBF4F /* AppDelegate.m */,
				4F2C9842179448CC002FBF4F /* ViewController.h */,
				4F2C9843179448CC002FBF4F /* ViewController.m */,
				4F2C985517944E49002FBF4F /* ColorDelegate.h */,
				4F2C9845179448CC002FBF4F /* ViewController.xib */,
				4F2C985017944939002FBF4F /* SecondViewController.h */,
				4F2C985117944939002FBF4F /* SecondViewController.m */,
				4F2C985217944939002FBF4F /* SecondViewController.xib */,
				4F2C9831179448CB002FBF4F /* Supporting Files */,
			);
			path = DelegateFun;
			sourceTree = "<group>";
		};
		4F2C9831179448CB002FBF4F /* Supporting Files */ = {
			isa = PBXGroup;
			children = (
				4F2C9832179448CB002FBF4F /* DelegateFun-Info.plist */,
				4F2C9833179448CB002FBF4F /* InfoPlist.strings */,
				4F2C9836179448CB002FBF4F /* main.m */,
				4F2C9838179448CC002FBF4F /* DelegateFun-Prefix.pch */,
				4F2C983C179448CC002FBF4F /* Default.png */,
				4F2C983E179448CC002FBF4F /* Default@2x.png */,
				4F2C9840179448CC002FBF4F /* Default-568h@2x.png */,
			);
			name = "Supporting Files";
			sourceTree = "<group>";
		};
/* End PBXGroup section */

/* Begin PBXNativeTarget section */
		4F2C9826179448CB002FBF4F /* DelegateFun */ = {
			isa = PBXNativeTarget;
			buildConfigurationList = 4F2C984A179448CC002FBF4F /* Build configuration list for PBXNativeTarget "DelegateFun" */;
			buildPhases = (
				4F2C9823179448CB002FBF4F /* Sources */,
				4F2C9824179448CB002FBF4F /* Frameworks */,
				4F2C9825179448CB002FBF4F /* Resources */,
			);
			buildRules = (
			);
			dependencies = (
			);
			name = DelegateFun;
			productName = DelegateFun;
			productReference = 4F2C9827179448CB002FBF4F /* DelegateFun.app */;
			productType = "com.apple.product-type.application";
		};
/* End PBXNativeTarget section */

/* Begin PBXProject section */
		4F2C981F179448CB002FBF4F /* Project object */ = {
			isa = PBXProject;
			attributes = {
				LastUpgradeCheck = 0460;
				ORGANIZATIONNAME = "Jessica Sturme";
			};
			buildConfigurationList = 4F2C9822179448CB002FBF4F /* Build configuration list for PBXProject "DelegateFun" */;
			compatibilityVersion = "Xcode 3.2";
			developmentRegion = English;
			hasScannedForEncodings = 0;
			knownRegions = (
				en,
			);
			mainGroup = 4F2C981E179448CB002FBF4F;
			productRefGroup = 4F2C9828179448CB002FBF4F /* Products */;
			projectDirPath = "";
			projectRoot = "";
			targets = (
				4F2C9826179448CB002FBF4F /* DelegateFun */,
			);
		};
/* End PBXProject section */

/* Begin PBXResourcesBuildPhase section */
		4F2C9825179448CB002FBF4F /* Resources */ = {
			isa = PBXResourcesBuildPhase;
			buildActionMask = 2147483647;
			files = (
				4F2C9835179448CB002FBF4F /* InfoPlist.strings in Resources */,
				4F2C983D179448CC002FBF4F /* Default.png in Resources */,
				4F2C983F179448CC002FBF4F /* Default@2x.png in Resources */,
				4F2C9841179448CC002FBF4F /* Default-568h@2x.png in Resources */,
				4F2C9847179448CC002FBF4F /* ViewController.xib in Resources */,
				4F2C985417944939002FBF4F /* SecondViewController.xib in Resources */,
			);
			runOnlyForDeploymentPostprocessing = 0;
		};
/* End PBXResourcesBuildPhase section */

/* Begin PBXSourcesBuildPhase section */
		4F2C9823179448CB002FBF4F /* Sources */ = {
			isa = PBXSourcesBuildPhase;
			buildActionMask = 2147483647;
			files = (
				4F2C9837179448CC002FBF4F /* main.m in Sources */,
				4F2C983B179448CC002FBF4F /* AppDelegate.m in Sources */,
				4F2C9844179448CC002FBF4F /* ViewController.m in Sources */,
				4F2C985317944939002FBF4F /* SecondViewController.m in Sources */,
			);
			runOnlyForDeploymentPostprocessing = 0;
		};
/* End PBXSourcesBuildPhase section */

/* Begin PBXVariantGroup section */
		4F2C9833179448CB002FBF4F /* InfoPlist.strings */ = {
			isa = PBXVariantGroup;
			children = (
				4F2C9834179448CB002FBF4F /* en */,
			);
			name = InfoPlist.strings;
			sourceTree = "<group>";
		};
		4F2C9845179448CC002FBF4F /* ViewController.xib */ = {
			isa = PBXVariantGroup;
			children = (
				4F2C9846179448CC002FBF4F /* en */,
			);
			name = ViewController.xib;
			sourceTree = "<group>";
		};
/* End PBXVariantGroup section */

/* Begin XCBuildConfiguration section */
		4F2C9848179448CC002FBF4F /* Debug */ = {
			isa = XCBuildConfiguration;
			buildSettings = {
				ALWAYS_SEARCH_USER_PATHS = NO;
				CLANG_CXX_LANGUAGE_STANDARD = "gnu++0x";
				CLANG_CXX_LIBRARY = "libc++";
				CLANG_ENABLE_OBJC_ARC = YES;
				CLANG_WARN_CONSTANT_CONVERSION = YES;
				CLANG_WARN_EMPTY_BODY = YES;
				CLANG_WARN_ENUM_CONVERSION = YES;
				CLANG_WARN_INT_CONVERSION = YES;
				CLANG_WARN__DUPLICATE_METHOD_MATCH = YES;
				"CODE_SIGN_IDENTITY[sdk=iphoneos*]" = "iPhone Developer";
				COPY_PHASE_STRIP = NO;
				GCC_C_LANGUAGE_STANDARD = gnu99;
				GCC_DYNAMIC_NO_PIC = NO;
				GCC_OPTIMIZATION_LEVEL = 0;
				GCC_PREPROCESSOR_DEFINITIONS = (
					"DEBUG=1",
					"$(inherited)",
				);
				GCC_SYMBOLS_PRIVATE_EXTERN = NO;
				GCC_WARN_ABOUT_RETURN_TYPE = YES;
				GCC_WARN_UNINITIALIZED_AUTOS = YES;
				GCC_WARN_UNUSED_VARIABLE = YES;
				IPHONEOS_DEPLOYMENT_TARGET = 6.1;
				ONLY_ACTIVE_ARCH = YES;
				SDKROOT = iphoneos;
			};
			name = Debug;
		};
		4F2C9849179448CC002FBF4F /* Release */ = {
			isa = XCBuildConfiguration;
			buildSettings = {
				ALWAYS_SEARCH_USER_PATHS = NO;
				CLANG_CXX_LANGUAGE_STANDARD = "gnu++0x";
				CLANG_CXX_LIBRARY = "libc++";
				CLANG_ENABLE_OBJC_ARC = YES;
				CLANG_WARN_CONSTANT_CONVERSION = YES;
				CLANG_WARN_EMPTY_BODY = YES;
				CLANG_WARN_ENUM_CONVERSION = YES;
				CLANG_WARN_INT_CONVERSION = YES;
				CLANG_WARN__DUPLICATE_METHOD_MATCH = YES;
				"CODE_SIGN_IDENTITY[sdk=iphoneos*]" = "iPhone Developer";
				COPY_PHASE_STRIP = YES;
				GCC_C_LANGUAGE_STANDARD = gnu99;
				GCC_WARN_ABOUT_RETURN_TYPE = YES;
				GCC_WARN_UNINITIALIZED_AUTOS = YES;
				GCC_WARN_UNUSED_VARIABLE = YES;
				IPHONEOS_DEPLOYMENT_TARGET = 6.1;
				OTHER_CFLAGS = "-DNS_BLOCK_ASSERTIONS=1";
				SDKROOT = iphoneos;
				VALIDATE_PRODUCT = YES;
			};
			name = Release;
		};
		4F2C984B179448CC002FBF4F /* Debug */ = {
			isa = XCBuildConfiguration;
			buildSettings = {
				GCC_PRECOMPILE_PREFIX_HEADER = YES;
				GCC_PREFIX_HEADER = "DelegateFun/DelegateFun-Prefix.pch";
				INFOPLIST_FILE = "DelegateFun/DelegateFun-Info.plist";
				PRODUCT_NAME = "$(TARGET_NAME)";
				WRAPPER_EXTENSION = app;
			};
			name = Debug;
		};
		4F2C984C179448CC002FBF4F /* Release */ = {
			isa = XCBuildConfiguration;
			buildSettings = {
				GCC_PRECOMPILE_PREFIX_HEADER = YES;
				GCC_PREFIX_HEADER = "DelegateFun/DelegateFun-Prefix.pch";
				INFOPLIST_FILE = "DelegateFun/DelegateFun-Info.plist";
				PRODUCT_NAME = "$(TARGET_NAME)";
				WRAPPER_EXTENSION = app;
			};
			name = Release;
		};
/* End XCBuildConfiguration section */

/* Begin XCConfigurationList section */
		4F2C9822179448CB002FBF4F /* Build configuration list for PBXProject "DelegateFun" */ = {
			isa = XCConfigurationList;
			buildConfigurations = (
				4F2C9848179448CC002FBF4F /* Debug */,
				4F2C9849179448CC002FBF4F /* Release */,
			);
			defaultConfigurationIsVisible = 0;
			defaultConfigurationName = Release;
		};
		4F2C984A179448CC002FBF4F /* Build configuration list for PBXNativeTarget "DelegateFun" */ = {
			isa = XCConfigurationList;
			buildConfigurations = (
				4F2C984B179448CC002FBF4F /* Debug */,
				4F2C984C179448CC002FBF4F /* Release */,
			);
			defaultConfigurationIsVisible = 0;
		};
/* End XCConfigurationList section */
	};
	rootObject = 4F2C981F179448CB002FBF4F /* Project object */;
}
